
Microsoft Visual Studio Solution File, Format Version 12.00
# Visual Studio 15
VisualStudioVersion = 15.0.27004.2005
MinimumVisualStudioVersion = 10.0.40219.1
Project("{FAE04EC0-301F-11D3-BF4B-00C04F79EFBC}") = "Moria", "Moria\Moria.csproj", "{0D9F5601-CACF-44B1-816B-7962C3FAFBC4}"
EndProject
Global
	GlobalSection(SolutionConfigurationPlatforms) = preSolution
		Debug|Any CPU = Debug|Any CPU
		Release|Any CPU = Release|Any CPU
	EndGlobalSection
	GlobalSection(ProjectConfigurationPlatforms) = postSolution
		{0D9F5601-CACF-44B1-816B-7962C3FAFBC4}.Debug|Any CPU.ActiveCfg = Debug|Any CPU
		{0D9F5601-CACF-44B1-816B-7962C3FAFBC4}.Debug|Any CPU.Build.0 = Debug|Any CPU
		{0D9F5601-CACF-44B1-816B-7962C3FAFBC4}.Release|Any CPU.ActiveCfg = Release|Any CPU
		{0D9F5601-CACF-44B1-816B-7962C3FAFBC4}.Release|Any CPU.Build.0 = Release|Any CPU
	EndGlobalSection
	GlobalSection(SolutionProperties) = preSolution
		HideSolutionNode = FALSE
	EndGlobalSection
	GlobalSection(ExtensibilityGlobals) = postSolution
		SolutionGuid = {C9CCD472-1A20-4AB7-8E49-EE37467BDDB9}
	EndGlobalSection
EndGlobal
